
Microsoft Visual Studio Solution File, Format Version 12.00
# Visual Studio Version 17
VisualStudioVersion = 17.2.32616.157
MinimumVisualStudioVersion = 10.0.40219.1
Project("{FAE04EC0-301F-11D3-BF4B-00C04F79EFBC}") = "APIShapeSkate", "APIShapeSkate\APIShapeSkate.csproj", "{B1C18130-A999-48FA-AFC1-5A095B8DF540}"
EndProject
Global
	GlobalSection(SolutionConfigurationPlatforms) = preSolution
		Debug|Any CPU = Debug|Any CPU
		Release|Any CPU = Release|Any CPU
	EndGlobalSection
	GlobalSection(ProjectConfigurationPlatforms) = postSolution
		{B1C18130-A999-48FA-AFC1-5A095B8DF540}.Debug|Any CPU.ActiveCfg = Debug|Any CPU
		{B1C18130-A999-48FA-AFC1-5A095B8DF540}.Debug|Any CPU.Build.0 = Debug|Any CPU
		{B1C18130-A999-48FA-AFC1-5A095B8DF540}.Release|Any CPU.ActiveCfg = Release|Any CPU
		{B1C18130-A999-48FA-AFC1-5A095B8DF540}.Release|Any CPU.Build.0 = Release|Any CPU
	EndGlobalSection
	GlobalSection(SolutionProperties) = preSolution
		HideSolutionNode = FALSE
	EndGlobalSection
	GlobalSection(ExtensibilityGlobals) = postSolution
		SolutionGuid = {0D2B4907-68EE-44EF-B71A-99231C83174D}
	EndGlobalSection
EndGlobal
